
Microsoft Visual Studio Solution File, Format Version 12.00
# Visual Studio Version 17
VisualStudioVersion = 17.1.32210.238
MinimumVisualStudioVersion = 10.0.40219.1
Project("{2150E333-8FDC-42A3-9474-1A3956D46DE8}") = "src", "src", "{F27D5B32-5A58-4BA7-87A5-7BB86130BAD3}"
EndProject
Project("{2150E333-8FDC-42A3-9474-1A3956D46DE8}") = "Solution Items", "Solution Items", "{C5047AB4-95F9-4E56-A4FF-55CAA382C20F}"
	ProjectSection(SolutionItems) = preProject
		Instructions.txt = Instructions.txt
		Notes.txt = Notes.txt
		ServiceAddresses.txt = ServiceAddresses.txt
	EndProjectSection
EndProject
Project("{2150E333-8FDC-42A3-9474-1A3956D46DE8}") = "ApiGateWays", "ApiGateWays", "{327E0EE4-0FF4-44B7-8B9E-9E69C52E21DA}"
EndProject
Project("{2150E333-8FDC-42A3-9474-1A3956D46DE8}") = "BuildingBlocks", "BuildingBlocks", "{3CD8B523-1989-410B-B7B1-6DF8DE30196A}"
EndProject
Project("{2150E333-8FDC-42A3-9474-1A3956D46DE8}") = "Services", "Services", "{5A973F9C-157E-40B4-98CB-04825B722140}"
EndProject
Project("{2150E333-8FDC-42A3-9474-1A3956D46DE8}") = "WebApiGateway", "WebApiGateway", "{8371A589-5C21-4432-9E42-0A5E76D44E99}"
EndProject
Project("{9A19103F-16F7-4668-BE54-9A1E7A4F7556}") = "Web.ApiGateWay", "src\ApiGateWays\WebApiGateWay\Web.ApiGateWay\Web.ApiGateWay.csproj", "{06CF3B25-6872-4AA6-9ABC-BABAEAD08A96}"
EndProject
Project("{2150E333-8FDC-42A3-9474-1A3956D46DE8}") = "EventBus", "EventBus", "{50EF9EE3-08D0-4269-A723-56734EA35E7B}"
EndProject
Project("{9A19103F-16F7-4668-BE54-9A1E7A4F7556}") = "EventBus.Base", "src\BuildingBlocks\EventBus\EventBus.Base\EventBus.Base.csproj", "{8CED8937-CA16-41C1-B8DE-A5F24222B414}"
EndProject
Project("{9A19103F-16F7-4668-BE54-9A1E7A4F7556}") = "EventBus.Factory", "src\BuildingBlocks\EventBus\EventBus.Factory\EventBus.Factory.csproj", "{C54E65A4-03D9-49FA-A511-F4FD295A56C0}"
EndProject
Project("{9A19103F-16F7-4668-BE54-9A1E7A4F7556}") = "EventBus.RabbitMQ", "src\BuildingBlocks\EventBus\EventBus.RabbitMQ\EventBus.RabbitMQ.csproj", "{000121C9-C98C-46C8-9245-BB4AA2ACEC97}"
EndProject
Project("{2150E333-8FDC-42A3-9474-1A3956D46DE8}") = "LoginService", "LoginService", "{3C7CB9F5-CBD4-4005-878B-F3212F72CD93}"
EndProject
Project("{2150E333-8FDC-42A3-9474-1A3956D46DE8}") = "CatalogService", "CatalogService", "{4FB17EE7-CAE1-4CDA-A2BE-85470E8DBFD1}"
EndProject
Project("{2150E333-8FDC-42A3-9474-1A3956D46DE8}") = "CartService", "CartService", "{F5764DE8-292C-4283-879C-06AD21417525}"
EndProject
Project("{2150E333-8FDC-42A3-9474-1A3956D46DE8}") = "OrderService", "OrderService", "{6513BD45-C675-48A4-AE49-6613D1E5A031}"
EndProject
Project("{2150E333-8FDC-42A3-9474-1A3956D46DE8}") = "CartService.Core", "CartService.Core", "{165876D4-CC37-4DB0-8533-08487D9673B9}"
EndProject
Project("{2150E333-8FDC-42A3-9474-1A3956D46DE8}") = "CartService.Infrastructure", "CartService.Infrastructure", "{1D65105C-5CC4-4336-805C-957C1F1A815D}"
EndProject
Project("{2150E333-8FDC-42A3-9474-1A3956D46DE8}") = "CartService.Presantation", "CartService.Presantation", "{6B32F487-2B31-494B-B05A-F1022889C930}"
EndProject
Project("{2150E333-8FDC-42A3-9474-1A3956D46DE8}") = "CatalogService.Core", "CatalogService.Core", "{3FA306E1-DA4B-4200-8ADF-049697A16936}"
EndProject
Project("{2150E333-8FDC-42A3-9474-1A3956D46DE8}") = "CatalogService.Infrastructure", "CatalogService.Infrastructure", "{3DACF6CA-CE19-4370-B699-31312B171171}"
EndProject
Project("{2150E333-8FDC-42A3-9474-1A3956D46DE8}") = "CatalogService.Presantation", "CatalogService.Presantation", "{EA8B1367-E62E-4BA8-87B4-5B0AD7DE9C77}"
EndProject
Project("{2150E333-8FDC-42A3-9474-1A3956D46DE8}") = "LoginService.Core", "LoginService.Core", "{291798A8-55E8-4A6D-926E-AB2FCB857F27}"
EndProject
Project("{2150E333-8FDC-42A3-9474-1A3956D46DE8}") = "LoginService.Infrastructure", "LoginService.Infrastructure", "{D4B6F57C-AA67-4FF6-A8B2-B53D7E30A6EC}"
EndProject
Project("{2150E333-8FDC-42A3-9474-1A3956D46DE8}") = "LoginService.Presantation", "LoginService.Presantation", "{5AA1503B-1A55-4464-8324-4E22C5BE9A0B}"
EndProject
Project("{2150E333-8FDC-42A3-9474-1A3956D46DE8}") = "OrderService.Presantation", "OrderService.Presantation", "{55D54F8E-3700-49DC-887C-8230BFC64288}"
EndProject
Project("{2150E333-8FDC-42A3-9474-1A3956D46DE8}") = "OrderService.Core", "OrderService.Core", "{5F3C2503-2769-4E89-BE1E-4A8A47D9B8DA}"
EndProject
Project("{2150E333-8FDC-42A3-9474-1A3956D46DE8}") = "OrderService.Infrastructure", "OrderService.Infrastructure", "{9A18AF44-2D5B-4D1E-A2F8-A845B42B2777}"
EndProject
Project("{9A19103F-16F7-4668-BE54-9A1E7A4F7556}") = "LoginService.Core.Domain", "src\Services\LoginService\LoginService.Core\LoginService.Core.Domain\LoginService.Core.Domain.csproj", "{0B69DCE5-F2D7-4568-BDB2-26E29DCA3AA2}"
EndProject
Project("{9A19103F-16F7-4668-BE54-9A1E7A4F7556}") = "LoginService.Core.Application", "src\Services\LoginService\LoginService.Core\LoginService.Core.Application\LoginService.Core.Application.csproj", "{DBAB2EFC-362B-49D1-85A7-46960216439D}"
EndProject
Project("{9A19103F-16F7-4668-BE54-9A1E7A4F7556}") = "LoginService.Presantation.Api", "src\Services\LoginService\LoginService.Presantation\LoginService.Presantation.Api\LoginService.Presantation.Api.csproj", "{B87F2F49-A9EC-4826-BB9A-624C9C48938D}"
EndProject
Project("{9A19103F-16F7-4668-BE54-9A1E7A4F7556}") = "LoginService.Infrastructure.Persistance", "src\Services\LoginService\LoginService.Infrastructure\LoginService.Infrastructure.Persistance\LoginService.Infrastructure.Persistance.csproj", "{3356323E-D2E6-4859-8C43-D08B6D32F4D3}"
EndProject
Project("{FAE04EC0-301F-11D3-BF4B-00C04F79EFBC}") = "CatalogService.Core.Domain", "src\Services\CatalogService\CatalogService.Core\CatalogService.Core.Domain\CatalogService.Core.Domain.csproj", "{99EF2BD9-EC6E-4D24-9138-150DC9490E5A}"
EndProject
Project("{FAE04EC0-301F-11D3-BF4B-00C04F79EFBC}") = "CatalogService.Core.Application", "src\Services\CatalogService\CatalogService.Core\CatalogService.Core.Application\CatalogService.Core.Application.csproj", "{83434B69-745C-4BDC-93B8-58BB7C258E28}"
EndProject
Project("{FAE04EC0-301F-11D3-BF4B-00C04F79EFBC}") = "CatalogService.Infrastructure.Persist", "src\Services\CatalogService\CatalogService.Infrastructure\CatalogService.Infrastructure.Persist\CatalogService.Infrastructure.Persist.csproj", "{639E6E53-F52A-4231-825F-6A1C377078F0}"
EndProject
Project("{FAE04EC0-301F-11D3-BF4B-00C04F79EFBC}") = "CatalogService.Presantation.Api", "src\Services\CatalogService\CatalogService.Presantation\CatalogService.Presantation.Api\CatalogService.Presantation.Api.csproj", "{33EE1641-172C-418B-8987-F10C7673C652}"
EndProject
Project("{FAE04EC0-301F-11D3-BF4B-00C04F79EFBC}") = "CartService.Core.Domain", "src\Services\CartService\CartService.Core\CartService.Core.Domain\CartService.Core.Domain.csproj", "{064B2754-3F66-40CE-85BB-F2D3547A796D}"
EndProject
Project("{FAE04EC0-301F-11D3-BF4B-00C04F79EFBC}") = "CartService.Core.Application", "src\Services\CartService\CartService.Core\CartService.Core.Application\CartService.Core.Application.csproj", "{9DEE0A70-21C6-4DF8-BCB9-570ED572A9C0}"
EndProject
Project("{FAE04EC0-301F-11D3-BF4B-00C04F79EFBC}") = "CartService.Infrastructure.Persistance", "src\Services\CartService\CartService.Infrastructure\CartService.Infrastructure.Persistance\CartService.Infrastructure.Persistance.csproj", "{4F1F0E6D-96CD-473A-99E1-108704FE0F09}"
EndProject
Project("{FAE04EC0-301F-11D3-BF4B-00C04F79EFBC}") = "CartService.Presantation.Api", "src\Services\CartService\CartService.Presantation\CartService.Presantation.Api\CartService.Presantation.Api.csproj", "{5EE14EC7-DEBD-4403-AEF2-7BEA0B236C6E}"
EndProject
Project("{FAE04EC0-301F-11D3-BF4B-00C04F79EFBC}") = "CartService.Infrastructure.Extensions", "src\Services\CartService\CartService.Infrastructure\CartService.Infrastructure.Extensions\CartService.Infrastructure.Extensions.csproj", "{52EB35D1-F7E0-4842-9FDC-71F91BE0CBA7}"
EndProject
Project("{FAE04EC0-301F-11D3-BF4B-00C04F79EFBC}") = "OrderService.Core.Application", "src\Services\OrderService\OrderService.Core\OrderService.Core.Application\OrderService.Core.Application.csproj", "{03971AA6-BA6B-4734-A495-814E02281028}"
EndProject
Project("{FAE04EC0-301F-11D3-BF4B-00C04F79EFBC}") = "OrderService.Core.Domain", "src\Services\OrderService\OrderService.Core\OrderService.Core.Domain\OrderService.Core.Domain.csproj", "{7213D87C-7F9D-4A8B-869B-7995DA151FDE}"
EndProject
Project("{FAE04EC0-301F-11D3-BF4B-00C04F79EFBC}") = "OrderService.Infrastructure.Persistance", "src\Services\OrderService\OrderService.Infrastructure\OrderService.Infrastructure.Persistance\OrderService.Infrastructure.Persistance.csproj", "{63B967EE-545B-4818-AF38-8A05916BDA24}"
EndProject
Project("{FAE04EC0-301F-11D3-BF4B-00C04F79EFBC}") = "OrderService.Presantation.Api", "src\Services\OrderService\OrderService.Presantation\OrderService.Presantation.Api\OrderService.Presantation.Api.csproj", "{798554FA-DF99-426B-8BFE-5830E8858F36}"
EndProject
Project("{FAE04EC0-301F-11D3-BF4B-00C04F79EFBC}") = "OrderService.Infrastructure.Extensions", "src\Services\OrderService\OrderService.Infrastructure\OrderService.Infrastructure.Extensions\OrderService.Infrastructure.Extensions.csproj", "{59C10318-A12E-4578-AB7B-C8B0913BE5AE}"
EndProject
Global
	GlobalSection(SolutionConfigurationPlatforms) = preSolution
		Debug|Any CPU = Debug|Any CPU
		Release|Any CPU = Release|Any CPU
	EndGlobalSection
	GlobalSection(ProjectConfigurationPlatforms) = postSolution
		{06CF3B25-6872-4AA6-9ABC-BABAEAD08A96}.Debug|Any CPU.ActiveCfg = Debug|Any CPU
		{06CF3B25-6872-4AA6-9ABC-BABAEAD08A96}.Debug|Any CPU.Build.0 = Debug|Any CPU
		{06CF3B25-6872-4AA6-9ABC-BABAEAD08A96}.Release|Any CPU.ActiveCfg = Release|Any CPU
		{06CF3B25-6872-4AA6-9ABC-BABAEAD08A96}.Release|Any CPU.Build.0 = Release|Any CPU
		{8CED8937-CA16-41C1-B8DE-A5F24222B414}.Debug|Any CPU.ActiveCfg = Debug|Any CPU
		{8CED8937-CA16-41C1-B8DE-A5F24222B414}.Debug|Any CPU.Build.0 = Debug|Any CPU
		{8CED8937-CA16-41C1-B8DE-A5F24222B414}.Release|Any CPU.ActiveCfg = Release|Any CPU
		{8CED8937-CA16-41C1-B8DE-A5F24222B414}.Release|Any CPU.Build.0 = Release|Any CPU
		{C54E65A4-03D9-49FA-A511-F4FD295A56C0}.Debug|Any CPU.ActiveCfg = Debug|Any CPU
		{C54E65A4-03D9-49FA-A511-F4FD295A56C0}.Debug|Any CPU.Build.0 = Debug|Any CPU
		{C54E65A4-03D9-49FA-A511-F4FD295A56C0}.Release|Any CPU.ActiveCfg = Release|Any CPU
		{C54E65A4-03D9-49FA-A511-F4FD295A56C0}.Release|Any CPU.Build.0 = Release|Any CPU
		{000121C9-C98C-46C8-9245-BB4AA2ACEC97}.Debug|Any CPU.ActiveCfg = Debug|Any CPU
		{000121C9-C98C-46C8-9245-BB4AA2ACEC97}.Debug|Any CPU.Build.0 = Debug|Any CPU
		{000121C9-C98C-46C8-9245-BB4AA2ACEC97}.Release|Any CPU.ActiveCfg = Release|Any CPU
		{000121C9-C98C-46C8-9245-BB4AA2ACEC97}.Release|Any CPU.Build.0 = Release|Any CPU
		{0B69DCE5-F2D7-4568-BDB2-26E29DCA3AA2}.Debug|Any CPU.ActiveCfg = Debug|Any CPU
		{0B69DCE5-F2D7-4568-BDB2-26E29DCA3AA2}.Debug|Any CPU.Build.0 = Debug|Any CPU
		{0B69DCE5-F2D7-4568-BDB2-26E29DCA3AA2}.Release|Any CPU.ActiveCfg = Release|Any CPU
		{0B69DCE5-F2D7-4568-BDB2-26E29DCA3AA2}.Release|Any CPU.Build.0 = Release|Any CPU
		{DBAB2EFC-362B-49D1-85A7-46960216439D}.Debug|Any CPU.ActiveCfg = Debug|Any CPU
		{DBAB2EFC-362B-49D1-85A7-46960216439D}.Debug|Any CPU.Build.0 = Debug|Any CPU
		{DBAB2EFC-362B-49D1-85A7-46960216439D}.Release|Any CPU.ActiveCfg = Release|Any CPU
		{DBAB2EFC-362B-49D1-85A7-46960216439D}.Release|Any CPU.Build.0 = Release|Any CPU
		{B87F2F49-A9EC-4826-BB9A-624C9C48938D}.Debug|Any CPU.ActiveCfg = Debug|Any CPU
		{B87F2F49-A9EC-4826-BB9A-624C9C48938D}.Debug|Any CPU.Build.0 = Debug|Any CPU
		{B87F2F49-A9EC-4826-BB9A-624C9C48938D}.Release|Any CPU.ActiveCfg = Release|Any CPU
		{B87F2F49-A9EC-4826-BB9A-624C9C48938D}.Release|Any CPU.Build.0 = Release|Any CPU
		{3356323E-D2E6-4859-8C43-D08B6D32F4D3}.Debug|Any CPU.ActiveCfg = Debug|Any CPU
		{3356323E-D2E6-4859-8C43-D08B6D32F4D3}.Debug|Any CPU.Build.0 = Debug|Any CPU
		{3356323E-D2E6-4859-8C43-D08B6D32F4D3}.Release|Any CPU.ActiveCfg = Release|Any CPU
		{3356323E-D2E6-4859-8C43-D08B6D32F4D3}.Release|Any CPU.Build.0 = Release|Any CPU
		{99EF2BD9-EC6E-4D24-9138-150DC9490E5A}.Debug|Any CPU.ActiveCfg = Debug|Any CPU
		{99EF2BD9-EC6E-4D24-9138-150DC9490E5A}.Debug|Any CPU.Build.0 = Debug|Any CPU
		{99EF2BD9-EC6E-4D24-9138-150DC9490E5A}.Release|Any CPU.ActiveCfg = Release|Any CPU
		{99EF2BD9-EC6E-4D24-9138-150DC9490E5A}.Release|Any CPU.Build.0 = Release|Any CPU
		{83434B69-745C-4BDC-93B8-58BB7C258E28}.Debug|Any CPU.ActiveCfg = Debug|Any CPU
		{83434B69-745C-4BDC-93B8-58BB7C258E28}.Debug|Any CPU.Build.0 = Debug|Any CPU
		{83434B69-745C-4BDC-93B8-58BB7C258E28}.Release|Any CPU.ActiveCfg = Release|Any CPU
		{83434B69-745C-4BDC-93B8-58BB7C258E28}.Release|Any CPU.Build.0 = Release|Any CPU
		{639E6E53-F52A-4231-825F-6A1C377078F0}.Debug|Any CPU.ActiveCfg = Debug|Any CPU
		{639E6E53-F52A-4231-825F-6A1C377078F0}.Debug|Any CPU.Build.0 = Debug|Any CPU
		{639E6E53-F52A-4231-825F-6A1C377078F0}.Release|Any CPU.ActiveCfg = Release|Any CPU
		{639E6E53-F52A-4231-825F-6A1C377078F0}.Release|Any CPU.Build.0 = Release|Any CPU
		{33EE1641-172C-418B-8987-F10C7673C652}.Debug|Any CPU.ActiveCfg = Debug|Any CPU
		{33EE1641-172C-418B-8987-F10C7673C652}.Debug|Any CPU.Build.0 = Debug|Any CPU
		{33EE1641-172C-418B-8987-F10C7673C652}.Release|Any CPU.ActiveCfg = Release|Any CPU
		{33EE1641-172C-418B-8987-F10C7673C652}.Release|Any CPU.Build.0 = Release|Any CPU
		{064B2754-3F66-40CE-85BB-F2D3547A796D}.Debug|Any CPU.ActiveCfg = Debug|Any CPU
		{064B2754-3F66-40CE-85BB-F2D3547A796D}.Debug|Any CPU.Build.0 = Debug|Any CPU
		{064B2754-3F66-40CE-85BB-F2D3547A796D}.Release|Any CPU.ActiveCfg = Release|Any CPU
		{064B2754-3F66-40CE-85BB-F2D3547A796D}.Release|Any CPU.Build.0 = Release|Any CPU
		{9DEE0A70-21C6-4DF8-BCB9-570ED572A9C0}.Debug|Any CPU.ActiveCfg = Debug|Any CPU
		{9DEE0A70-21C6-4DF8-BCB9-570ED572A9C0}.Debug|Any CPU.Build.0 = Debug|Any CPU
		{9DEE0A70-21C6-4DF8-BCB9-570ED572A9C0}.Release|Any CPU.ActiveCfg = Release|Any CPU
		{9DEE0A70-21C6-4DF8-BCB9-570ED572A9C0}.Release|Any CPU.Build.0 = Release|Any CPU
		{4F1F0E6D-96CD-473A-99E1-108704FE0F09}.Debug|Any CPU.ActiveCfg = Debug|Any CPU
		{4F1F0E6D-96CD-473A-99E1-108704FE0F09}.Debug|Any CPU.Build.0 = Debug|Any CPU
		{4F1F0E6D-96CD-473A-99E1-108704FE0F09}.Release|Any CPU.ActiveCfg = Release|Any CPU
		{4F1F0E6D-96CD-473A-99E1-108704FE0F09}.Release|Any CPU.Build.0 = Release|Any CPU
		{5EE14EC7-DEBD-4403-AEF2-7BEA0B236C6E}.Debug|Any CPU.ActiveCfg = Debug|Any CPU
		{5EE14EC7-DEBD-4403-AEF2-7BEA0B236C6E}.Debug|Any CPU.Build.0 = Debug|Any CPU
		{5EE14EC7-DEBD-4403-AEF2-7BEA0B236C6E}.Release|Any CPU.ActiveCfg = Release|Any CPU
		{5EE14EC7-DEBD-4403-AEF2-7BEA0B236C6E}.Release|Any CPU.Build.0 = Release|Any CPU
		{52EB35D1-F7E0-4842-9FDC-71F91BE0CBA7}.Debug|Any CPU.ActiveCfg = Debug|Any CPU
		{52EB35D1-F7E0-4842-9FDC-71F91BE0CBA7}.Debug|Any CPU.Build.0 = Debug|Any CPU
		{52EB35D1-F7E0-4842-9FDC-71F91BE0CBA7}.Release|Any CPU.ActiveCfg = Release|Any CPU
		{52EB35D1-F7E0-4842-9FDC-71F91BE0CBA7}.Release|Any CPU.Build.0 = Release|Any CPU
		{03971AA6-BA6B-4734-A495-814E02281028}.Debug|Any CPU.ActiveCfg = Debug|Any CPU
		{03971AA6-BA6B-4734-A495-814E02281028}.Debug|Any CPU.Build.0 = Debug|Any CPU
		{03971AA6-BA6B-4734-A495-814E02281028}.Release|Any CPU.ActiveCfg = Release|Any CPU
		{03971AA6-BA6B-4734-A495-814E02281028}.Release|Any CPU.Build.0 = Release|Any CPU
		{7213D87C-7F9D-4A8B-869B-7995DA151FDE}.Debug|Any CPU.ActiveCfg = Debug|Any CPU
		{7213D87C-7F9D-4A8B-869B-7995DA151FDE}.Debug|Any CPU.Build.0 = Debug|Any CPU
		{7213D87C-7F9D-4A8B-869B-7995DA151FDE}.Release|Any CPU.ActiveCfg = Release|Any CPU
		{7213D87C-7F9D-4A8B-869B-7995DA151FDE}.Release|Any CPU.Build.0 = Release|Any CPU
		{63B967EE-545B-4818-AF38-8A05916BDA24}.Debug|Any CPU.ActiveCfg = Debug|Any CPU
		{63B967EE-545B-4818-AF38-8A05916BDA24}.Debug|Any CPU.Build.0 = Debug|Any CPU
		{63B967EE-545B-4818-AF38-8A05916BDA24}.Release|Any CPU.ActiveCfg = Release|Any CPU
		{63B967EE-545B-4818-AF38-8A05916BDA24}.Release|Any CPU.Build.0 = Release|Any CPU
		{798554FA-DF99-426B-8BFE-5830E8858F36}.Debug|Any CPU.ActiveCfg = Debug|Any CPU
		{798554FA-DF99-426B-8BFE-5830E8858F36}.Debug|Any CPU.Build.0 = Debug|Any CPU
		{798554FA-DF99-426B-8BFE-5830E8858F36}.Release|Any CPU.ActiveCfg = Release|Any CPU
		{798554FA-DF99-426B-8BFE-5830E8858F36}.Release|Any CPU.Build.0 = Release|Any CPU
		{59C10318-A12E-4578-AB7B-C8B0913BE5AE}.Debug|Any CPU.ActiveCfg = Debug|Any CPU
		{59C10318-A12E-4578-AB7B-C8B0913BE5AE}.Debug|Any CPU.Build.0 = Debug|Any CPU
		{59C10318-A12E-4578-AB7B-C8B0913BE5AE}.Release|Any CPU.ActiveCfg = Release|Any CPU
		{59C10318-A12E-4578-AB7B-C8B0913BE5AE}.Release|Any CPU.Build.0 = Release|Any CPU
	EndGlobalSection
	GlobalSection(SolutionProperties) = preSolution
		HideSolutionNode = FALSE
	EndGlobalSection
	GlobalSection(NestedProjects) = preSolution
		{327E0EE4-0FF4-44B7-8B9E-9E69C52E21DA} = {F27D5B32-5A58-4BA7-87A5-7BB86130BAD3}
		{3CD8B523-1989-410B-B7B1-6DF8DE30196A} = {F27D5B32-5A58-4BA7-87A5-7BB86130BAD3}
		{5A973F9C-157E-40B4-98CB-04825B722140} = {F27D5B32-5A58-4BA7-87A5-7BB86130BAD3}
		{8371A589-5C21-4432-9E42-0A5E76D44E99} = {327E0EE4-0FF4-44B7-8B9E-9E69C52E21DA}
		{06CF3B25-6872-4AA6-9ABC-BABAEAD08A96} = {8371A589-5C21-4432-9E42-0A5E76D44E99}
		{50EF9EE3-08D0-4269-A723-56734EA35E7B} = {3CD8B523-1989-410B-B7B1-6DF8DE30196A}
		{8CED8937-CA16-41C1-B8DE-A5F24222B414} = {50EF9EE3-08D0-4269-A723-56734EA35E7B}
		{C54E65A4-03D9-49FA-A511-F4FD295A56C0} = {50EF9EE3-08D0-4269-A723-56734EA35E7B}
		{000121C9-C98C-46C8-9245-BB4AA2ACEC97} = {50EF9EE3-08D0-4269-A723-56734EA35E7B}
		{3C7CB9F5-CBD4-4005-878B-F3212F72CD93} = {5A973F9C-157E-40B4-98CB-04825B722140}
		{4FB17EE7-CAE1-4CDA-A2BE-85470E8DBFD1} = {5A973F9C-157E-40B4-98CB-04825B722140}
		{F5764DE8-292C-4283-879C-06AD21417525} = {5A973F9C-157E-40B4-98CB-04825B722140}
		{6513BD45-C675-48A4-AE49-6613D1E5A031} = {5A973F9C-157E-40B4-98CB-04825B722140}
		{165876D4-CC37-4DB0-8533-08487D9673B9} = {F5764DE8-292C-4283-879C-06AD21417525}
		{1D65105C-5CC4-4336-805C-957C1F1A815D} = {F5764DE8-292C-4283-879C-06AD21417525}
		{6B32F487-2B31-494B-B05A-F1022889C930} = {F5764DE8-292C-4283-879C-06AD21417525}
		{3FA306E1-DA4B-4200-8ADF-049697A16936} = {4FB17EE7-CAE1-4CDA-A2BE-85470E8DBFD1}
		{3DACF6CA-CE19-4370-B699-31312B171171} = {4FB17EE7-CAE1-4CDA-A2BE-85470E8DBFD1}
		{EA8B1367-E62E-4BA8-87B4-5B0AD7DE9C77} = {4FB17EE7-CAE1-4CDA-A2BE-85470E8DBFD1}
		{291798A8-55E8-4A6D-926E-AB2FCB857F27} = {3C7CB9F5-CBD4-4005-878B-F3212F72CD93}
		{D4B6F57C-AA67-4FF6-A8B2-B53D7E30A6EC} = {3C7CB9F5-CBD4-4005-878B-F3212F72CD93}
		{5AA1503B-1A55-4464-8324-4E22C5BE9A0B} = {3C7CB9F5-CBD4-4005-878B-F3212F72CD93}
		{55D54F8E-3700-49DC-887C-8230BFC64288} = {6513BD45-C675-48A4-AE49-6613D1E5A031}
		{5F3C2503-2769-4E89-BE1E-4A8A47D9B8DA} = {6513BD45-C675-48A4-AE49-6613D1E5A031}
		{9A18AF44-2D5B-4D1E-A2F8-A845B42B2777} = {6513BD45-C675-48A4-AE49-6613D1E5A031}
		{0B69DCE5-F2D7-4568-BDB2-26E29DCA3AA2} = {291798A8-55E8-4A6D-926E-AB2FCB857F27}
		{DBAB2EFC-362B-49D1-85A7-46960216439D} = {291798A8-55E8-4A6D-926E-AB2FCB857F27}
		{B87F2F49-A9EC-4826-BB9A-624C9C48938D} = {5AA1503B-1A55-4464-8324-4E22C5BE9A0B}
		{3356323E-D2E6-4859-8C43-D08B6D32F4D3} = {D4B6F57C-AA67-4FF6-A8B2-B53D7E30A6EC}
		{99EF2BD9-EC6E-4D24-9138-150DC9490E5A} = {3FA306E1-DA4B-4200-8ADF-049697A16936}
		{83434B69-745C-4BDC-93B8-58BB7C258E28} = {3FA306E1-DA4B-4200-8ADF-049697A16936}
		{639E6E53-F52A-4231-825F-6A1C377078F0} = {3DACF6CA-CE19-4370-B699-31312B171171}
		{33EE1641-172C-418B-8987-F10C7673C652} = {EA8B1367-E62E-4BA8-87B4-5B0AD7DE9C77}
		{064B2754-3F66-40CE-85BB-F2D3547A796D} = {165876D4-CC37-4DB0-8533-08487D9673B9}
		{9DEE0A70-21C6-4DF8-BCB9-570ED572A9C0} = {165876D4-CC37-4DB0-8533-08487D9673B9}
		{4F1F0E6D-96CD-473A-99E1-108704FE0F09} = {1D65105C-5CC4-4336-805C-957C1F1A815D}
		{5EE14EC7-DEBD-4403-AEF2-7BEA0B236C6E} = {6B32F487-2B31-494B-B05A-F1022889C930}
		{52EB35D1-F7E0-4842-9FDC-71F91BE0CBA7} = {1D65105C-5CC4-4336-805C-957C1F1A815D}
		{03971AA6-BA6B-4734-A495-814E02281028} = {5F3C2503-2769-4E89-BE1E-4A8A47D9B8DA}
		{7213D87C-7F9D-4A8B-869B-7995DA151FDE} = {5F3C2503-2769-4E89-BE1E-4A8A47D9B8DA}
		{63B967EE-545B-4818-AF38-8A05916BDA24} = {9A18AF44-2D5B-4D1E-A2F8-A845B42B2777}
		{798554FA-DF99-426B-8BFE-5830E8858F36} = {55D54F8E-3700-49DC-887C-8230BFC64288}
		{59C10318-A12E-4578-AB7B-C8B0913BE5AE} = {9A18AF44-2D5B-4D1E-A2F8-A845B42B2777}
	EndGlobalSection
	GlobalSection(ExtensibilityGlobals) = postSolution
		SolutionGuid = {328814C8-1EBA-4596-873E-FE22623BEC41}
	EndGlobalSection
EndGlobal
